
Microsoft Visual Studio Solution File, Format Version 12.00
# Visual Studio Version 17
VisualStudioVersion = 17.11.35312.102
MinimumVisualStudioVersion = 10.0.40219.1
Project("{FAE04EC0-301F-11D3-BF4B-00C04F79EFBC}") = "ProyectoP1rogra", "ProyectoP1rogra\ProyectoP1rogra.csproj", "{C002EF2E-DC31-4B30-9262-F90C19EE9CA0}"
EndProject
Global
	GlobalSection(SolutionConfigurationPlatforms) = preSolution
		Debug|Any CPU = Debug|Any CPU
		Release|Any CPU = Release|Any CPU
	EndGlobalSection
	GlobalSection(ProjectConfigurationPlatforms) = postSolution
		{C002EF2E-DC31-4B30-9262-F90C19EE9CA0}.Debug|Any CPU.ActiveCfg = Debug|Any CPU
		{C002EF2E-DC31-4B30-9262-F90C19EE9CA0}.Debug|Any CPU.Build.0 = Debug|Any CPU
		{C002EF2E-DC31-4B30-9262-F90C19EE9CA0}.Release|Any CPU.ActiveCfg = Release|Any CPU
		{C002EF2E-DC31-4B30-9262-F90C19EE9CA0}.Release|Any CPU.Build.0 = Release|Any CPU
	EndGlobalSection
	GlobalSection(SolutionProperties) = preSolution
		HideSolutionNode = FALSE
	EndGlobalSection
	GlobalSection(ExtensibilityGlobals) = postSolution
		SolutionGuid = {F4BFD32B-627A-46B9-8838-C7E05DB63D62}
	EndGlobalSection
EndGlobal
